
Microsoft Visual Studio Solution File, Format Version 12.00
# Visual Studio Version 17
VisualStudioVersion = 17.0.31903.59
MinimumVisualStudioVersion = 10.0.40219.1
Project("{FAE04EC0-301F-11D3-BF4B-00C04F79EFBC}") = "Stellar.IS.Application", "Stellar.IS.Application\Stellar.IS.Application.csproj", "{19C90E9B-D2CD-4063-AE5C-DCF36453326B}"
EndProject
Project("{FAE04EC0-301F-11D3-BF4B-00C04F79EFBC}") = "Stellar.IS.Contracts", "Stellar.IS.Contracts\Stellar.IS.Contracts.csproj", "{61A4B5C3-3D39-48D2-AF46-CD0050CC1E9D}"
EndProject
Project("{FAE04EC0-301F-11D3-BF4B-00C04F79EFBC}") = "Stellar.IS.Domain", "Stellar.IS.Domain\Stellar.IS.Domain.csproj", "{7D7E3E26-A3D6-41C6-94C9-C75ED48378EC}"
EndProject
Project("{FAE04EC0-301F-11D3-BF4B-00C04F79EFBC}") = "Stellar.IS.Infrastructure", "Stellar.IS.Infrastructure\Stellar.IS.Infrastructure.csproj", "{3CF234E6-C9E5-4E30-93AB-C6591E512216}"
EndProject
Project("{FAE04EC0-301F-11D3-BF4B-00C04F79EFBC}") = "Stellar.IS.Migrations", "Stellar.IS.Migrations\Stellar.IS.Migrations.csproj", "{B5295688-8C2D-4EEE-BF04-E08882F85C7E}"
EndProject
Project("{FAE04EC0-301F-11D3-BF4B-00C04F79EFBC}") = "Stellar.IS.WebApi", "Stellar.IS.WebApi\Stellar.IS.WebApi.csproj", "{E989C22D-B9B5-4C9F-B0DF-1950867FB0F9}"
EndProject
Global
	GlobalSection(SolutionConfigurationPlatforms) = preSolution
		Debug|Any CPU = Debug|Any CPU
		Release|Any CPU = Release|Any CPU
	EndGlobalSection
	GlobalSection(SolutionProperties) = preSolution
		HideSolutionNode = FALSE
	EndGlobalSection
	GlobalSection(ProjectConfigurationPlatforms) = postSolution
		{19C90E9B-D2CD-4063-AE5C-DCF36453326B}.Debug|Any CPU.ActiveCfg = Debug|Any CPU
		{19C90E9B-D2CD-4063-AE5C-DCF36453326B}.Debug|Any CPU.Build.0 = Debug|Any CPU
		{19C90E9B-D2CD-4063-AE5C-DCF36453326B}.Release|Any CPU.ActiveCfg = Release|Any CPU
		{19C90E9B-D2CD-4063-AE5C-DCF36453326B}.Release|Any CPU.Build.0 = Release|Any CPU
		{61A4B5C3-3D39-48D2-AF46-CD0050CC1E9D}.Debug|Any CPU.ActiveCfg = Debug|Any CPU
		{61A4B5C3-3D39-48D2-AF46-CD0050CC1E9D}.Debug|Any CPU.Build.0 = Debug|Any CPU
		{61A4B5C3-3D39-48D2-AF46-CD0050CC1E9D}.Release|Any CPU.ActiveCfg = Release|Any CPU
		{61A4B5C3-3D39-48D2-AF46-CD0050CC1E9D}.Release|Any CPU.Build.0 = Release|Any CPU
		{7D7E3E26-A3D6-41C6-94C9-C75ED48378EC}.Debug|Any CPU.ActiveCfg = Debug|Any CPU
		{7D7E3E26-A3D6-41C6-94C9-C75ED48378EC}.Debug|Any CPU.Build.0 = Debug|Any CPU
		{7D7E3E26-A3D6-41C6-94C9-C75ED48378EC}.Release|Any CPU.ActiveCfg = Release|Any CPU
		{7D7E3E26-A3D6-41C6-94C9-C75ED48378EC}.Release|Any CPU.Build.0 = Release|Any CPU
		{3CF234E6-C9E5-4E30-93AB-C6591E512216}.Debug|Any CPU.ActiveCfg = Debug|Any CPU
		{3CF234E6-C9E5-4E30-93AB-C6591E512216}.Debug|Any CPU.Build.0 = Debug|Any CPU
		{3CF234E6-C9E5-4E30-93AB-C6591E512216}.Release|Any CPU.ActiveCfg = Release|Any CPU
		{3CF234E6-C9E5-4E30-93AB-C6591E512216}.Release|Any CPU.Build.0 = Release|Any CPU
		{B5295688-8C2D-4EEE-BF04-E08882F85C7E}.Debug|Any CPU.ActiveCfg = Debug|Any CPU
		{B5295688-8C2D-4EEE-BF04-E08882F85C7E}.Debug|Any CPU.Build.0 = Debug|Any CPU
		{B5295688-8C2D-4EEE-BF04-E08882F85C7E}.Release|Any CPU.ActiveCfg = Release|Any CPU
		{B5295688-8C2D-4EEE-BF04-E08882F85C7E}.Release|Any CPU.Build.0 = Release|Any CPU
		{E989C22D-B9B5-4C9F-B0DF-1950867FB0F9}.Debug|Any CPU.ActiveCfg = Debug|Any CPU
		{E989C22D-B9B5-4C9F-B0DF-1950867FB0F9}.Debug|Any CPU.Build.0 = Debug|Any CPU
		{E989C22D-B9B5-4C9F-B0DF-1950867FB0F9}.Release|Any CPU.ActiveCfg = Release|Any CPU
		{E989C22D-B9B5-4C9F-B0DF-1950867FB0F9}.Release|Any CPU.Build.0 = Release|Any CPU
	EndGlobalSection
EndGlobal
